
Microsoft Visual Studio Solution File, Format Version 12.00
# Visual Studio 2013
VisualStudioVersion = 12.0.21005.1
MinimumVisualStudioVersion = 10.0.40219.1
Project("{FAE04EC0-301F-11D3-BF4B-00C04F79EFBC}") = "Buoi7", "Buoi7\Buoi7.csproj", "{DF7AF101-47FE-4962-B9F1-9A88E3C845B0}"
EndProject
Project("{FAE04EC0-301F-11D3-BF4B-00C04F79EFBC}") = "Buoi7 _Bai3", "Buoi7 _Bai3\Buoi7 _Bai3.csproj", "{5675E8F7-48EC-4504-95F6-E25F29F61DE6}"
EndProject
Project("{FAE04EC0-301F-11D3-BF4B-00C04F79EFBC}") = "Buoi7_Bai4", "Buoi7_Bai4\Buoi7_Bai4.csproj", "{40F676A8-F171-442F-BCF3-0F36FD692A93}"
EndProject
Project("{FAE04EC0-301F-11D3-BF4B-00C04F79EFBC}") = "Buoi7_Bai5", "Buoi7_Bai5\Buoi7_Bai5.csproj", "{74D51A78-6D65-4509-A0E8-A3621DF8B789}"
EndProject
Global
	GlobalSection(SolutionConfigurationPlatforms) = preSolution
		Debug|Any CPU = Debug|Any CPU
		Release|Any CPU = Release|Any CPU
	EndGlobalSection
	GlobalSection(ProjectConfigurationPlatforms) = postSolution
		{DF7AF101-47FE-4962-B9F1-9A88E3C845B0}.Debug|Any CPU.ActiveCfg = Debug|Any CPU
		{DF7AF101-47FE-4962-B9F1-9A88E3C845B0}.Debug|Any CPU.Build.0 = Debug|Any CPU
		{DF7AF101-47FE-4962-B9F1-9A88E3C845B0}.Release|Any CPU.ActiveCfg = Release|Any CPU
		{DF7AF101-47FE-4962-B9F1-9A88E3C845B0}.Release|Any CPU.Build.0 = Release|Any CPU
		{5675E8F7-48EC-4504-95F6-E25F29F61DE6}.Debug|Any CPU.ActiveCfg = Debug|Any CPU
		{5675E8F7-48EC-4504-95F6-E25F29F61DE6}.Debug|Any CPU.Build.0 = Debug|Any CPU
		{5675E8F7-48EC-4504-95F6-E25F29F61DE6}.Release|Any CPU.ActiveCfg = Release|Any CPU
		{5675E8F7-48EC-4504-95F6-E25F29F61DE6}.Release|Any CPU.Build.0 = Release|Any CPU
		{40F676A8-F171-442F-BCF3-0F36FD692A93}.Debug|Any CPU.ActiveCfg = Debug|Any CPU
		{40F676A8-F171-442F-BCF3-0F36FD692A93}.Debug|Any CPU.Build.0 = Debug|Any CPU
		{40F676A8-F171-442F-BCF3-0F36FD692A93}.Release|Any CPU.ActiveCfg = Release|Any CPU
		{40F676A8-F171-442F-BCF3-0F36FD692A93}.Release|Any CPU.Build.0 = Release|Any CPU
		{74D51A78-6D65-4509-A0E8-A3621DF8B789}.Debug|Any CPU.ActiveCfg = Debug|Any CPU
		{74D51A78-6D65-4509-A0E8-A3621DF8B789}.Debug|Any CPU.Build.0 = Debug|Any CPU
		{74D51A78-6D65-4509-A0E8-A3621DF8B789}.Release|Any CPU.ActiveCfg = Release|Any CPU
		{74D51A78-6D65-4509-A0E8-A3621DF8B789}.Release|Any CPU.Build.0 = Release|Any CPU
	EndGlobalSection
	GlobalSection(SolutionProperties) = preSolution
		HideSolutionNode = FALSE
	EndGlobalSection
EndGlobal
